Microsoft Visual Studio Solution File, Format Version 12.00
# Visual Studio Version 17
VisualStudioVersion = 17.5.2.0
MinimumVisualStudioVersion = 10.0.40219.1
Project("{FAE04EC0-301F-11D3-BF4B-00C04F79EFBC}") = "AnimalMatchingGameCommandLine", "AnimalMatchingGameCommandLine.csproj", "{0EF61EF2-009C-C5E1-4ECF-E92C4F1F8C73}"
EndProject
Global
	GlobalSection(SolutionConfigurationPlatforms) = preSolution
		Debug|Any CPU = Debug|Any CPU
		Release|Any CPU = Release|Any CPU
	EndGlobalSection
	GlobalSection(ProjectConfigurationPlatforms) = postSolution
		{0EF61EF2-009C-C5E1-4ECF-E92C4F1F8C73}.Debug|Any CPU.ActiveCfg = Debug|Any CPU
		{0EF61EF2-009C-C5E1-4ECF-E92C4F1F8C73}.Debug|Any CPU.Build.0 = Debug|Any CPU
		{0EF61EF2-009C-C5E1-4ECF-E92C4F1F8C73}.Release|Any CPU.ActiveCfg = Release|Any CPU
		{0EF61EF2-009C-C5E1-4ECF-E92C4F1F8C73}.Release|Any CPU.Build.0 = Release|Any CPU
	EndGlobalSection
	GlobalSection(SolutionProperties) = preSolution
		HideSolutionNode = FALSE
	EndGlobalSection
	GlobalSection(ExtensibilityGlobals) = postSolution
		SolutionGuid = {412EE485-683A-4C7E-9087-1F6293C00DBD}
	EndGlobalSection
EndGlobal
